<?xml version="1.0" encoding="utf-8"?>
<Project ToolsVersion="4.0" xmlns="http://schemas.microsoft.com/developer/msbuild/2003">
  <ItemGroup>
    <Filter Include="Engine">
      <UniqueIdentifier>{41882bec-ff65-4b58-9870-e69ea7645c08}</UniqueIdentifier>
    </Filter>
    <Filter Include="Default">
      <UniqueIdentifier>{8ae1f459-2d53-4457-8462-6e07ee06bc59}</UniqueIdentifier>
    </Filter>
    <Filter Include="Default\리소스 파일">
      <UniqueIdentifier>{67DA6AB6-F800-4c08-8B7A-83BB121AAD01}</UniqueIdentifier>
      <Extensions>rc;ico;cur;bmp;dlg;rc2;rct;bin;rgs;gif;jpg;jpeg;jpe;resx;tiff;tif;png;wav;mfcribbon-ms</Extensions>
    </Filter>
    <Filter Include="Default\소스 파일">
      <UniqueIdentifier>{4FC737F1-C7A5-4376-A066-2A32D752A2FF}</UniqueIdentifier>
      <Extensions>cpp;c;cc;cxx;c++;cppm;ixx;def;odl;idl;hpj;bat;asm;asmx</Extensions>
    </Filter>
    <Filter Include="Default\헤더 파일">
      <UniqueIdentifier>{93995380-89BD-4b04-88EB-625FBE52EBFB}</UniqueIdentifier>
      <Extensions>h;hh;hpp;hxx;h++;hm;inl;inc;ipp;xsd</Extensions>
    </Filter>
    <Filter Include="Engine\02. Core">
      <UniqueIdentifier>{5d1c3675-e9b9-4a68-b7d6-3a0d6e12eebf}</UniqueIdentifier>
    </Filter>
    <Filter Include="Engine\01. Header">
      <UniqueIdentifier>{331f5300-9f96-4cd9-a9b3-68c8c908ec25}</UniqueIdentifier>
    </Filter>
    <Filter Include="Engine\03. Manager">
      <UniqueIdentifier>{4a6194e5-778d-4c91-997f-31d683404e77}</UniqueIdentifier>
    </Filter>
    <Filter Include="Engine\03. Manager\KeyMgr">
      <UniqueIdentifier>{7b8762ec-5296-4bf3-b029-daea584704d9}</UniqueIdentifier>
    </Filter>
    <Filter Include="Engine\04. Object">
      <UniqueIdentifier>{85e99a3d-ba58-4a62-913d-6eed58492517}</UniqueIdentifier>
    </Filter>
    <Filter Include="Engine\03. Manager\TimeMgr">
      <UniqueIdentifier>{5d37d5ea-a3b2-4426-8e9d-569b75f17197}</UniqueIdentifier>
    </Filter>
    <Filter Include="Engine\05. Scene">
      <UniqueIdentifier>{e048832d-067b-4bbd-a8d8-2cd6181a80e4}</UniqueIdentifier>
    </Filter>
    <Filter Include="Engine\03. Manager\SceneMgr">
      <UniqueIdentifier>{692d9894-2612-4585-a1de-e29782b23e3f}</UniqueIdentifier>
    </Filter>
    <Filter Include="Engine\05. Scene\Scene_Start">
      <UniqueIdentifier>{eec6bea3-3050-4ac1-8aad-651a2e38c5a0}</UniqueIdentifier>
    </Filter>
    <Filter Include="Engine\05. Scene\Scene_Tool">
      <UniqueIdentifier>{c9535824-8c4f-40e7-8e83-17f77a6a698e}</UniqueIdentifier>
    </Filter>
    <Filter Include="Engine\04. Object\Kinetic_Object">
      <UniqueIdentifier>{4c313035-48fa-4786-9c99-2c271886229b}</UniqueIdentifier>
    </Filter>
    <Filter Include="Engine\04. Object\Kinetic_Object\Player">
      <UniqueIdentifier>{ca50f168-9b4e-4b48-85c2-2abfb68388e1}</UniqueIdentifier>
    </Filter>
    <Filter Include="Engine\04. Object\Kinetic_Object\Missile">
      <UniqueIdentifier>{584bd537-aa96-4b7c-836f-5b74d8bb7992}</UniqueIdentifier>
    </Filter>
    <Filter Include="Engine\04. Object\Kinetic_Object\Monster">
      <UniqueIdentifier>{1969d2fd-e7d8-4db2-b869-fd2de5b423c7}</UniqueIdentifier>
    </Filter>
    <Filter Include="Engine\04. Object\Geometric_Object">
      <UniqueIdentifier>{d30d1fd9-691d-4ecd-8628-1e9b68024cfc}</UniqueIdentifier>
    </Filter>
    <Filter Include="Engine\04. Object\Geometric_Object\Line">
      <UniqueIdentifier>{9e52ec57-f7b8-4661-a6ca-11ac5437c851}</UniqueIdentifier>
    </Filter>
  </ItemGroup>
  <ItemGroup>
    <ClInclude Include="framework.h">
      <Filter>Default\헤더 파일</Filter>
    </ClInclude>
    <ClInclude Include="targetver.h">
      <Filter>Default\헤더 파일</Filter>
    </ClInclude>
    <ClInclude Include="Resource.h">
      <Filter>Default\헤더 파일</Filter>
    </ClInclude>
    <ClInclude Include="WinAPI_GalsPainc_Proj.h">
      <Filter>Default\헤더 파일</Filter>
    </ClInclude>
    <ClInclude Include="ccircle.h">
      <Filter>Default\헤더 파일</Filter>
    </ClInclude>
    <ClInclude Include="CCore.h">
      <Filter>Engine\02. Core</Filter>
    </ClInclude>
    <ClInclude Include="define.h">
      <Filter>Engine\01. Header</Filter>
    </ClInclude>
    <ClInclude Include="CKeyMgr.h">
      <Filter>Engine\03. Manager\KeyMgr</Filter>
    </ClInclude>
    <ClInclude Include="pch.h" />
    <ClInclude Include="CObject.h">
      <Filter>Engine\04. Object</Filter>
    </ClInclude>
    <ClInclude Include="struct.h">
      <Filter>Engine\01. Header</Filter>
    </ClInclude>
    <ClInclude Include="CTimeMgr.h">
      <Filter>Engine\03. Manager\TimeMgr</Filter>
    </ClInclude>
    <ClInclude Include="CScene.h">
      <Filter>Engine\05. Scene</Filter>
    </ClInclude>
    <ClInclude Include="CSceneMgr.h">
      <Filter>Engine\03. Manager\SceneMgr</Filter>
    </ClInclude>
    <ClInclude Include="CScene_Start.h">
      <Filter>Engine\05. Scene\Scene_Start</Filter>
    </ClInclude>
    <ClInclude Include="CPlayer.h">
      <Filter>Engine\04. Object\Kinetic_Object\Player</Filter>
    </ClInclude>
    <ClInclude Include="CMonster.h">
      <Filter>Engine\04. Object\Kinetic_Object\Monster</Filter>
    </ClInclude>
    <ClInclude Include="CMissile.h">
      <Filter>Engine\04. Object\Kinetic_Object\Missile</Filter>
    </ClInclude>
    <ClInclude Include="CLine.h">
      <Filter>Engine\04. Object\Geometric_Object\Line</Filter>
    </ClInclude>
    <ClInclude Include="CKineticObject.h">
      <Filter>Engine\04. Object\Kinetic_Object</Filter>
    </ClInclude>
    <ClInclude Include="CGeometricObject.h">
      <Filter>Engine\04. Object\Geometric_Object</Filter>
    </ClInclude>
  </ItemGroup>
  <ItemGroup>
    <ClCompile Include="ccircle.cpp">
      <Filter>Default\소스 파일</Filter>
    </ClCompile>
    <ClCompile Include="CCore.cpp">
      <Filter>Engine\02. Core</Filter>
    </ClCompile>
    <ClCompile Include="CKeyMgr.cpp">
      <Filter>Engine\03. Manager\KeyMgr</Filter>
    </ClCompile>
    <ClCompile Include="WinAPI_GalsPainc_Proj.cpp" />
    <ClCompile Include="CObject.cpp">
      <Filter>Engine\04. Object</Filter>
    </ClCompile>
    <ClCompile Include="CTimeMgr.cpp">
      <Filter>Engine\03. Manager\TimeMgr</Filter>
    </ClCompile>
    <ClCompile Include="CScene.cpp">
      <Filter>Engine\05. Scene</Filter>
    </ClCompile>
    <ClCompile Include="CSceneMgr.cpp">
      <Filter>Engine\03. Manager\SceneMgr</Filter>
    </ClCompile>
    <ClCompile Include="CScene_Start.cpp">
      <Filter>Engine\05. Scene\Scene_Start</Filter>
    </ClCompile>
    <ClCompile Include="CPlayer.cpp">
      <Filter>Engine\04. Object\Kinetic_Object\Player</Filter>
    </ClCompile>
    <ClCompile Include="CMonster.cpp">
      <Filter>Engine\04. Object\Kinetic_Object\Monster</Filter>
    </ClCompile>
    <ClCompile Include="CMissile.cpp">
      <Filter>Engine\04. Object\Kinetic_Object\Missile</Filter>
    </ClCompile>
    <ClCompile Include="CLine.cpp">
      <Filter>Engine\04. Object\Geometric_Object\Line</Filter>
    </ClCompile>
    <ClCompile Include="CKineticObject.cpp">
      <Filter>Engine\04. Object\Kinetic_Object</Filter>
    </ClCompile>
    <ClCompile Include="CGeometricObject.cpp">
      <Filter>Engine\04. Object\Geometric_Object</Filter>
    </ClCompile>
  </ItemGroup>
  <ItemGroup>
    <ResourceCompile Include="WinAPI_GalsPainc_Proj.rc">
      <Filter>Default\리소스 파일</Filter>
    </ResourceCompile>
  </ItemGroup>
  <ItemGroup>
    <Image Include="small.ico">
      <Filter>Default\리소스 파일</Filter>
    </Image>
    <Image Include="WinAPI_GalsPainc_Proj.ico">
      <Filter>Default\리소스 파일</Filter>
    </Image>
  </ItemGroup>
</Project>